
Microsoft Visual Studio Solution File, Format Version 12.00
# Visual Studio Version 17
VisualStudioVersion = 17.5.002.0
MinimumVisualStudioVersion = 10.0.40219.1
Project("{9A19103F-16F7-4668-BE54-9A1E7A4F7556}") = "inventory-system", "inventory-system.csproj", "{0AB9BA4E-CE2A-4921-94F6-D2E30CE87284}"
EndProject
Global
	GlobalSection(SolutionConfigurationPlatforms) = preSolution
		Debug|Any CPU = Debug|Any CPU
		Release|Any CPU = Release|Any CPU
	EndGlobalSection
	GlobalSection(ProjectConfigurationPlatforms) = postSolution
		{0AB9BA4E-CE2A-4921-94F6-D2E30CE87284}.Debug|Any CPU.ActiveCfg = Debug|Any CPU
		{0AB9BA4E-CE2A-4921-94F6-D2E30CE87284}.Debug|Any CPU.Build.0 = Debug|Any CPU
		{0AB9BA4E-CE2A-4921-94F6-D2E30CE87284}.Release|Any CPU.ActiveCfg = Release|Any CPU
		{0AB9BA4E-CE2A-4921-94F6-D2E30CE87284}.Release|Any CPU.Build.0 = Release|Any CPU
	EndGlobalSection
	GlobalSection(SolutionProperties) = preSolution
		HideSolutionNode = FALSE
	EndGlobalSection
	GlobalSection(ExtensibilityGlobals) = postSolution
		SolutionGuid = {C327271D-B3D4-4984-8ED6-0E23E7F91991}
	EndGlobalSection
EndGlobal
